
Microsoft Visual Studio Solution File, Format Version 12.00
# Visual Studio 15
VisualStudioVersion = 15.0.33026.149
MinimumVisualStudioVersion = 10.0.40219.1
Project("{FAE04EC0-301F-11D3-BF4B-00C04F79EFBC}") = "TelefonRehberim", "TelefonRehberim\TelefonRehberim.csproj", "{67F82841-0850-49EF-A92D-4FCA3F09BF06}"
EndProject
Global
	GlobalSection(SolutionConfigurationPlatforms) = preSolution
		Debug|Any CPU = Debug|Any CPU
		Release|Any CPU = Release|Any CPU
	EndGlobalSection
	GlobalSection(ProjectConfigurationPlatforms) = postSolution
		{67F82841-0850-49EF-A92D-4FCA3F09BF06}.Debug|Any CPU.ActiveCfg = Debug|Any CPU
		{67F82841-0850-49EF-A92D-4FCA3F09BF06}.Debug|Any CPU.Build.0 = Debug|Any CPU
		{67F82841-0850-49EF-A92D-4FCA3F09BF06}.Release|Any CPU.ActiveCfg = Release|Any CPU
		{67F82841-0850-49EF-A92D-4FCA3F09BF06}.Release|Any CPU.Build.0 = Release|Any CPU
	EndGlobalSection
	GlobalSection(SolutionProperties) = preSolution
		HideSolutionNode = FALSE
	EndGlobalSection
	GlobalSection(ExtensibilityGlobals) = postSolution
		SolutionGuid = {1EA6AD2F-93DB-4E4C-B7F6-90BA33C73163}
	EndGlobalSection
EndGlobal
